{
  "name": "httpServer",
  "version": "1.0.0",
  "lockfileVersion": 1,
  "requires": true,
  "dependencies": {
    "node-datetime": {
      "version": "2.1.2",
      "resolved": "https://registry.npmjs.org/node-datetime/-/node-datetime-2.1.2.tgz",
      "integrity": "sha512-eev1F0IPKSu3zvASMtH8ic4znGpfXdq9yc8yc/EVx6bk57u7bS2iZKVZ8ll1ZeH/IEQ3qFb04FB70PCNXSIp4w=="
    }
  }
}
